
Microsoft Visual Studio Solution File, Format Version 12.00
# Visual Studio Version 16
VisualStudioVersion = 16.0.31702.278
MinimumVisualStudioVersion = 10.0.40219.1
Project("{FAE04EC0-301F-11D3-BF4B-00C04F79EFBC}") = "ApiCatalogoJogos2", "ApiCatalogoJogos2\ApiCatalogoJogos2.csproj", "{08E784E4-D44F-4572-9161-9D4938998C83}"
EndProject
Global
	GlobalSection(SolutionConfigurationPlatforms) = preSolution
		Debug|Any CPU = Debug|Any CPU
		Release|Any CPU = Release|Any CPU
	EndGlobalSection
	GlobalSection(ProjectConfigurationPlatforms) = postSolution
		{08E784E4-D44F-4572-9161-9D4938998C83}.Debug|Any CPU.ActiveCfg = Debug|Any CPU
		{08E784E4-D44F-4572-9161-9D4938998C83}.Debug|Any CPU.Build.0 = Debug|Any CPU
		{08E784E4-D44F-4572-9161-9D4938998C83}.Release|Any CPU.ActiveCfg = Release|Any CPU
		{08E784E4-D44F-4572-9161-9D4938998C83}.Release|Any CPU.Build.0 = Release|Any CPU
	EndGlobalSection
	GlobalSection(SolutionProperties) = preSolution
		HideSolutionNode = FALSE
	EndGlobalSection
	GlobalSection(ExtensibilityGlobals) = postSolution
		SolutionGuid = {F2E596C5-FEC4-4EDD-81F0-20ADEB9C5396}
	EndGlobalSection
EndGlobal
